
Microsoft Visual Studio Solution File, Format Version 12.00
# Visual Studio Version 17
VisualStudioVersion = 17.14.36203.30 d17.14
MinimumVisualStudioVersion = 10.0.40219.1
Project("{FAE04EC0-301F-11D3-BF4B-00C04F79EFBC}") = "Medport.API.Tracc", "MedportAPI\Medport.API.Tracc.csproj", "{43B71D3F-569C-414C-842F-D8411FBC21E3}"
EndProject
Project("{2150E333-8FDC-42A3-9474-1A3956D46DE8}") = "API", "API", "{02EA681E-C7D8-13C7-8484-4AC65E1B71E8}"
EndProject
Project("{2150E333-8FDC-42A3-9474-1A3956D46DE8}") = "src", "src", "{41861F2C-468D-468C-9212-07DA3FFDD32F}"
EndProject
Project("{2150E333-8FDC-42A3-9474-1A3956D46DE8}") = "tests", "tests", "{84120BEE-9D7B-4ED8-9E54-031220F96BB4}"
EndProject
Project("{FAE04EC0-301F-11D3-BF4B-00C04F79EFBC}") = "Medport.Application.Tracc", "Medport.Application\Medport.Application.Tracc.csproj", "{38A65730-5080-4773-880F-2335A2D1C58A}"
EndProject
Project("{FAE04EC0-301F-11D3-BF4B-00C04F79EFBC}") = "Medport.Common", "Medport.Common\Medport.Common.csproj", "{6DB66555-F5E8-42D6-A0DB-A4C791EAE55E}"
EndProject
Project("{2150E333-8FDC-42A3-9474-1A3956D46DE8}") = "Core", "Core", "{0F822556-9C58-46E2-9798-CD715547E72A}"
EndProject
Project("{2150E333-8FDC-42A3-9474-1A3956D46DE8}") = "Common", "Common", "{B5F7B25C-34F7-4404-BCD7-DDAE2F024557}"
EndProject
Project("{2150E333-8FDC-42A3-9474-1A3956D46DE8}") = "Infrastructure", "Infrastructure", "{5B312CB4-D012-43E4-BE15-D2B18AEC2D4B}"
EndProject
Project("{2150E333-8FDC-42A3-9474-1A3956D46DE8}") = "Services", "Services", "{098549C1-1851-4E23-8035-FD05B747DEEA}"
EndProject
Project("{FAE04EC0-301F-11D3-BF4B-00C04F79EFBC}") = "Medport.Infrastructure", "Medport.Infrastructure\Medport.Infrastructure.csproj", "{1199EF0E-796F-4092-9E5E-91639D7A4E15}"
EndProject
Project("{FAE04EC0-301F-11D3-BF4B-00C04F79EFBC}") = "Medport.Infrastructure.Azure", "Medport.Infrastructure.Azure\Medport.Infrastructure.Azure.csproj", "{EB6A5AC3-0A02-401D-9FF5-E68B2426DECE}"
EndProject
Project("{FAE04EC0-301F-11D3-BF4B-00C04F79EFBC}") = "Medport.Application.Common", "Medport.Application.Common\Medport.Application.Common.csproj", "{B17A0F3D-5FC6-4458-A2CC-1F1A06451251}"
EndProject
Project("{FAE04EC0-301F-11D3-BF4B-00C04F79EFBC}") = "Medport.Domain", "Medport.Domain\Medport.Domain.csproj", "{81281F45-BCEC-4594-84B2-A408BCA926FC}"
EndProject
Global
	GlobalSection(SolutionConfigurationPlatforms) = preSolution
		Debug|Any CPU = Debug|Any CPU
		Release|Any CPU = Release|Any CPU
	EndGlobalSection
	GlobalSection(ProjectConfigurationPlatforms) = postSolution
		{43B71D3F-569C-414C-842F-D8411FBC21E3}.Debug|Any CPU.ActiveCfg = Debug|Any CPU
		{43B71D3F-569C-414C-842F-D8411FBC21E3}.Debug|Any CPU.Build.0 = Debug|Any CPU
		{43B71D3F-569C-414C-842F-D8411FBC21E3}.Release|Any CPU.ActiveCfg = Release|Any CPU
		{43B71D3F-569C-414C-842F-D8411FBC21E3}.Release|Any CPU.Build.0 = Release|Any CPU
		{38A65730-5080-4773-880F-2335A2D1C58A}.Debug|Any CPU.ActiveCfg = Debug|Any CPU
		{38A65730-5080-4773-880F-2335A2D1C58A}.Debug|Any CPU.Build.0 = Debug|Any CPU
		{38A65730-5080-4773-880F-2335A2D1C58A}.Release|Any CPU.ActiveCfg = Release|Any CPU
		{38A65730-5080-4773-880F-2335A2D1C58A}.Release|Any CPU.Build.0 = Release|Any CPU
		{6DB66555-F5E8-42D6-A0DB-A4C791EAE55E}.Debug|Any CPU.ActiveCfg = Debug|Any CPU
		{6DB66555-F5E8-42D6-A0DB-A4C791EAE55E}.Debug|Any CPU.Build.0 = Debug|Any CPU
		{6DB66555-F5E8-42D6-A0DB-A4C791EAE55E}.Release|Any CPU.ActiveCfg = Release|Any CPU
		{6DB66555-F5E8-42D6-A0DB-A4C791EAE55E}.Release|Any CPU.Build.0 = Release|Any CPU
		{1199EF0E-796F-4092-9E5E-91639D7A4E15}.Debug|Any CPU.ActiveCfg = Debug|Any CPU
		{1199EF0E-796F-4092-9E5E-91639D7A4E15}.Debug|Any CPU.Build.0 = Debug|Any CPU
		{1199EF0E-796F-4092-9E5E-91639D7A4E15}.Release|Any CPU.ActiveCfg = Release|Any CPU
		{1199EF0E-796F-4092-9E5E-91639D7A4E15}.Release|Any CPU.Build.0 = Release|Any CPU
		{EB6A5AC3-0A02-401D-9FF5-E68B2426DECE}.Debug|Any CPU.ActiveCfg = Debug|Any CPU
		{EB6A5AC3-0A02-401D-9FF5-E68B2426DECE}.Debug|Any CPU.Build.0 = Debug|Any CPU
		{EB6A5AC3-0A02-401D-9FF5-E68B2426DECE}.Release|Any CPU.ActiveCfg = Release|Any CPU
		{EB6A5AC3-0A02-401D-9FF5-E68B2426DECE}.Release|Any CPU.Build.0 = Release|Any CPU
		{B17A0F3D-5FC6-4458-A2CC-1F1A06451251}.Debug|Any CPU.ActiveCfg = Debug|Any CPU
		{B17A0F3D-5FC6-4458-A2CC-1F1A06451251}.Debug|Any CPU.Build.0 = Debug|Any CPU
		{B17A0F3D-5FC6-4458-A2CC-1F1A06451251}.Release|Any CPU.ActiveCfg = Release|Any CPU
		{B17A0F3D-5FC6-4458-A2CC-1F1A06451251}.Release|Any CPU.Build.0 = Release|Any CPU
		{81281F45-BCEC-4594-84B2-A408BCA926FC}.Debug|Any CPU.ActiveCfg = Debug|Any CPU
		{81281F45-BCEC-4594-84B2-A408BCA926FC}.Debug|Any CPU.Build.0 = Debug|Any CPU
		{81281F45-BCEC-4594-84B2-A408BCA926FC}.Release|Any CPU.ActiveCfg = Release|Any CPU
		{81281F45-BCEC-4594-84B2-A408BCA926FC}.Release|Any CPU.Build.0 = Release|Any CPU
	EndGlobalSection
	GlobalSection(SolutionProperties) = preSolution
		HideSolutionNode = FALSE
	EndGlobalSection
	GlobalSection(NestedProjects) = preSolution
		{43B71D3F-569C-414C-842F-D8411FBC21E3} = {02EA681E-C7D8-13C7-8484-4AC65E1B71E8}
		{38A65730-5080-4773-880F-2335A2D1C58A} = {0F822556-9C58-46E2-9798-CD715547E72A}
		{6DB66555-F5E8-42D6-A0DB-A4C791EAE55E} = {B5F7B25C-34F7-4404-BCD7-DDAE2F024557}
		{0F822556-9C58-46E2-9798-CD715547E72A} = {41861F2C-468D-468C-9212-07DA3FFDD32F}
		{B5F7B25C-34F7-4404-BCD7-DDAE2F024557} = {41861F2C-468D-468C-9212-07DA3FFDD32F}
		{5B312CB4-D012-43E4-BE15-D2B18AEC2D4B} = {41861F2C-468D-468C-9212-07DA3FFDD32F}
		{098549C1-1851-4E23-8035-FD05B747DEEA} = {41861F2C-468D-468C-9212-07DA3FFDD32F}
		{1199EF0E-796F-4092-9E5E-91639D7A4E15} = {5B312CB4-D012-43E4-BE15-D2B18AEC2D4B}
		{EB6A5AC3-0A02-401D-9FF5-E68B2426DECE} = {5B312CB4-D012-43E4-BE15-D2B18AEC2D4B}
		{B17A0F3D-5FC6-4458-A2CC-1F1A06451251} = {0F822556-9C58-46E2-9798-CD715547E72A}
		{81281F45-BCEC-4594-84B2-A408BCA926FC} = {0F822556-9C58-46E2-9798-CD715547E72A}
	EndGlobalSection
	GlobalSection(ExtensibilityGlobals) = postSolution
		SolutionGuid = {10EB3833-C9D4-4B0A-A30F-BD9190052249}
	EndGlobalSection
EndGlobal
